{
  "pins" : [
    {
      "identity" : "kingfisher",
      "kind" : "remoteSourceControl",
      "location" : "https://github.com/onevcat/Kingfisher.git",
      "state" : {
        "branch" : "master",
        "revision" : "2235a22ca249199cb736237f4bb9cc12b6ed416a"
      }
    },
    {
      "identity" : "swinject",
      "kind" : "remoteSourceControl",
      "location" : "https://github.com/Swinject/Swinject.git",
      "state" : {
        "branch" : "master",
        "revision" : "45e9e99b05e356f2d68d170d695387a8eabf8694"
      }
    }
  ],
  "version" : 2
}
